
Microsoft Visual Studio Solution File, Format Version 12.00
# Visual Studio Version 17
VisualStudioVersion = 17.13.35931.197
MinimumVisualStudioVersion = 10.0.40219.1
Project("{FAE04EC0-301F-11D3-BF4B-00C04F79EFBC}") = "PABC.AppHost", "PABC.AppHost\PABC.AppHost.csproj", "{FB81C0F4-5263-4FB4-8A6D-EAFCA3B94520}"
EndProject
Project("{FAE04EC0-301F-11D3-BF4B-00C04F79EFBC}") = "PABC.Server", "PABC.Server\PABC.Server.csproj", "{4E5FFD47-701B-4D17-ACA6-0045A139B027}"
EndProject
Project("{FAE04EC0-301F-11D3-BF4B-00C04F79EFBC}") = "PABC.ServiceDefaults", "PABC.ServiceDefaults\PABC.ServiceDefaults.csproj", "{22148183-AA1B-A4B1-5868-6C15978D4EBA}"
EndProject
Project("{FAE04EC0-301F-11D3-BF4B-00C04F79EFBC}") = "PABC.MigrationService", "PABC.MigrationService\PABC.MigrationService.csproj", "{FEB7BCF2-BBB4-FD6C-6FA4-4CAAA4DF555C}"
EndProject
Project("{FAE04EC0-301F-11D3-BF4B-00C04F79EFBC}") = "PABC.Data", "PABC.Data\PABC.Data.csproj", "{1EC7C69A-5C20-44B8-8C6C-F6B4F12F5D4E}"
EndProject
Project("{FAE04EC0-301F-11D3-BF4B-00C04F79EFBC}") = "PABC.Server.Test", "PABC.Server.Test\PABC.Server.Test.csproj", "{08A91984-FE2C-4493-9BEF-C45B4E91F8EF}"
EndProject
Global
	GlobalSection(SolutionConfigurationPlatforms) = preSolution
		Debug|Any CPU = Debug|Any CPU
		Release|Any CPU = Release|Any CPU
	EndGlobalSection
	GlobalSection(ProjectConfigurationPlatforms) = postSolution
		{4E5FFD47-701B-4D17-ACA6-0045A139B027}.Debug|Any CPU.ActiveCfg = Debug|Any CPU
		{4E5FFD47-701B-4D17-ACA6-0045A139B027}.Debug|Any CPU.Build.0 = Debug|Any CPU
		{4E5FFD47-701B-4D17-ACA6-0045A139B027}.Release|Any CPU.ActiveCfg = Release|Any CPU
		{4E5FFD47-701B-4D17-ACA6-0045A139B027}.Release|Any CPU.Build.0 = Release|Any CPU
		{FB81C0F4-5263-4FB4-8A6D-EAFCA3B94520}.Debug|Any CPU.ActiveCfg = Debug|Any CPU
		{FB81C0F4-5263-4FB4-8A6D-EAFCA3B94520}.Debug|Any CPU.Build.0 = Debug|Any CPU
		{FB81C0F4-5263-4FB4-8A6D-EAFCA3B94520}.Release|Any CPU.ActiveCfg = Release|Any CPU
		{FB81C0F4-5263-4FB4-8A6D-EAFCA3B94520}.Release|Any CPU.Build.0 = Release|Any CPU
		{22148183-AA1B-A4B1-5868-6C15978D4EBA}.Debug|Any CPU.ActiveCfg = Debug|Any CPU
		{22148183-AA1B-A4B1-5868-6C15978D4EBA}.Debug|Any CPU.Build.0 = Debug|Any CPU
		{22148183-AA1B-A4B1-5868-6C15978D4EBA}.Release|Any CPU.ActiveCfg = Release|Any CPU
		{22148183-AA1B-A4B1-5868-6C15978D4EBA}.Release|Any CPU.Build.0 = Release|Any CPU
		{FEB7BCF2-BBB4-FD6C-6FA4-4CAAA4DF555C}.Debug|Any CPU.ActiveCfg = Debug|Any CPU
		{FEB7BCF2-BBB4-FD6C-6FA4-4CAAA4DF555C}.Debug|Any CPU.Build.0 = Debug|Any CPU
		{FEB7BCF2-BBB4-FD6C-6FA4-4CAAA4DF555C}.Release|Any CPU.ActiveCfg = Release|Any CPU
		{FEB7BCF2-BBB4-FD6C-6FA4-4CAAA4DF555C}.Release|Any CPU.Build.0 = Release|Any CPU
		{1EC7C69A-5C20-44B8-8C6C-F6B4F12F5D4E}.Debug|Any CPU.ActiveCfg = Debug|Any CPU
		{1EC7C69A-5C20-44B8-8C6C-F6B4F12F5D4E}.Debug|Any CPU.Build.0 = Debug|Any CPU
		{1EC7C69A-5C20-44B8-8C6C-F6B4F12F5D4E}.Release|Any CPU.ActiveCfg = Release|Any CPU
		{1EC7C69A-5C20-44B8-8C6C-F6B4F12F5D4E}.Release|Any CPU.Build.0 = Release|Any CPU
		{08A91984-FE2C-4493-9BEF-C45B4E91F8EF}.Debug|Any CPU.ActiveCfg = Debug|Any CPU
		{08A91984-FE2C-4493-9BEF-C45B4E91F8EF}.Debug|Any CPU.Build.0 = Debug|Any CPU
		{08A91984-FE2C-4493-9BEF-C45B4E91F8EF}.Release|Any CPU.ActiveCfg = Release|Any CPU
		{08A91984-FE2C-4493-9BEF-C45B4E91F8EF}.Release|Any CPU.Build.0 = Release|Any CPU
	EndGlobalSection
	GlobalSection(SolutionProperties) = preSolution
		HideSolutionNode = FALSE
	EndGlobalSection
	GlobalSection(ExtensibilityGlobals) = postSolution
		SolutionGuid = {37D159E4-A923-4CC5-A848-535EEAD3155F}
	EndGlobalSection
EndGlobal
